// !$*UTF8*$!
{
	archiveVersion = 1;
	classes = {
	};
	objectVersion = 51;
	objects = {

/* Begin PBXBuildFile section */
		022502E7244C6DDE00EF7AA9 /* Validator.swift in Sources */ = {isa = PBXBuildFile; fileRef = 022502E6244C6DDE00EF7AA9 /* Validator.swift */; };
		022502F0244C74FC00EF7AA9 /* WeatherAppsUITests.swift in Sources */ = {isa = PBXBuildFile; fileRef = 022502EF244C74FC00EF7AA9 /* WeatherAppsUITests.swift */; };
		022502FE244C750C00EF7AA9 /* WeatherAppsTests.swift in Sources */ = {isa = PBXBuildFile; fileRef = 022502FD244C750C00EF7AA9 /* WeatherAppsTests.swift */; };
		02250308244CB6EB00EF7AA9 /* ViewController+TableViewExtension.swift in Sources */ = {isa = PBXBuildFile; fileRef = 02250307244CB6EA00EF7AA9 /* ViewController+TableViewExtension.swift */; };
		02536DB0244A1F0B006D3469 /* Helper.swift in Sources */ = {isa = PBXBuildFile; fileRef = 02536DAF244A1F0B006D3469 /* Helper.swift */; };
		02536DB9244A26E7006D3469 /* WeatherInfoCell.swift in Sources */ = {isa = PBXBuildFile; fileRef = 02536DB8244A26E7006D3469 /* WeatherInfoCell.swift */; };
		025E1D8D244A078700DAEC9D /* AppDelegate.swift in Sources */ = {isa = PBXBuildFile; fileRef = 025E1D8C244A078700DAEC9D /* AppDelegate.swift */; };
		025E1D8F244A078700DAEC9D /* SceneDelegate.swift in Sources */ = {isa = PBXBuildFile; fileRef = 025E1D8E244A078700DAEC9D /* SceneDelegate.swift */; };
		025E1D91244A078700DAEC9D /* ViewController.swift in Sources */ = {isa = PBXBuildFile; fileRef = 025E1D90244A078700DAEC9D /* ViewController.swift */; };
		025E1D94244A078700DAEC9D /* Main.storyboard in Resources */ = {isa = PBXBuildFile; fileRef = 025E1D92244A078700DAEC9D /* Main.storyboard */; };
		025E1D97244A078700DAEC9D /* WeatherApps.xcdatamodeld in Sources */ = {isa = PBXBuildFile; fileRef = 025E1D95244A078700DAEC9D /* WeatherApps.xcdatamodeld */; };
		025E1D99244A078C00DAEC9D /* Assets.xcassets in Resources */ = {isa = PBXBuildFile; fileRef = 025E1D98244A078C00DAEC9D /* Assets.xcassets */; };
		025E1D9C244A078C00DAEC9D /* LaunchScreen.storyboard in Resources */ = {isa = PBXBuildFile; fileRef = 025E1D9A244A078C00DAEC9D /* LaunchScreen.storyboard */; };
		028746CF244A18DB000A51A8 /* AppConstant.swift in Sources */ = {isa = PBXBuildFile; fileRef = 028746CE244A18DB000A51A8 /* AppConstant.swift */; };
		028746D2244A1923000A51A8 /* Webservice.swift in Sources */ = {isa = PBXBuildFile; fileRef = 028746D1244A1923000A51A8 /* Webservice.swift */; };
		028746D5244A1A85000A51A8 /* WeatherData.swift in Sources */ = {isa = PBXBuildFile; fileRef = 028746D4244A1A85000A51A8 /* WeatherData.swift */; };
		02F3F797244AF38E0015F86B /* NewCityVC.swift in Sources */ = {isa = PBXBuildFile; fileRef = 02F3F796244AF38E0015F86B /* NewCityVC.swift */; };
		02FADA17244AC3C400A711A3 /* WeatherViewModel.swift in Sources */ = {isa = PBXBuildFile; fileRef = 02FADA16244AC3C400A711A3 /* WeatherViewModel.swift */; };
		28971FF69C2A1970552DA859 /* Pods_WeatherApps.framework in Frameworks */ = {isa = PBXBuildFile; fileRef = B04E9DBB5A242D7E7EC6A146 /* Pods_WeatherApps.framework */; };
/* End PBXBuildFile section */

/* Begin PBXContainerItemProxy section */
		022502F2244C74FC00EF7AA9 /* PBXContainerItemProxy */ = {
			isa = PBXContainerItemProxy;
			containerPortal = 025E1D81244A078600DAEC9D /* Project object */;
			proxyType = 1;
			remoteGlobalIDString = 025E1D88244A078700DAEC9D;
			remoteInfo = WeatherApps;
		};
		02250300244C750C00EF7AA9 /* PBXContainerItemProxy */ = {
			isa = PBXContainerItemProxy;
			containerPortal = 025E1D81244A078600DAEC9D /* Project object */;
			proxyType = 1;
			remoteGlobalIDString = 025E1D88244A078700DAEC9D;
			remoteInfo = WeatherApps;
		};
/* End PBXContainerItemProxy section */

/* Begin PBXFileReference section */
		022502E6244C6DDE00EF7AA9 /* Validator.swift */ = {isa = PBXFileReference; lastKnownFileType = sourcecode.swift; path = Validator.swift; sourceTree = "<group>"; };
		022502ED244C74FC00EF7AA9 /* WeatherAppsUITests.xctest */ = {isa = PBXFileReference; explicitFileType = wrapper.cfbundle; includeInIndex = 0; path = WeatherAppsUITests.xctest; sourceTree = BUILT_PRODUCTS_DIR; };
		022502EF244C74FC00EF7AA9 /* WeatherAppsUITests.swift */ = {isa = PBXFileReference; lastKnownFileType = sourcecode.swift; path = WeatherAppsUITests.swift; sourceTree = "<group>"; };
		022502F1244C74FC00EF7AA9 /* Info.plist */ = {isa = PBXFileReference; lastKnownFileType = text.plist.xml; path = Info.plist; sourceTree = "<group>"; };
		022502FB244C750C00EF7AA9 /* WeatherAppsTests.xctest */ = {isa = PBXFileReference; explicitFileType = wrapper.cfbundle; includeInIndex = 0; path = WeatherAppsTests.xctest; sourceTree = BUILT_PRODUCTS_DIR; };
		022502FD244C750C00EF7AA9 /* WeatherAppsTests.swift */ = {isa = PBXFileReference; lastKnownFileType = sourcecode.swift; path = WeatherAppsTests.swift; sourceTree = "<group>"; };
		022502FF244C750C00EF7AA9 /* Info.plist */ = {isa = PBXFileReference; lastKnownFileType = text.plist.xml; path = Info.plist; sourceTree = "<group>"; };
		02250307244CB6EA00EF7AA9 /* ViewController+TableViewExtension.swift */ = {isa = PBXFileReference; lastKnownFileType = sourcecode.swift; path = "ViewController+TableViewExtension.swift"; sourceTree = "<group>"; };
		02536DAF244A1F0B006D3469 /* Helper.swift */ = {isa = PBXFileReference; lastKnownFileType = sourcecode.swift; path = Helper.swift; sourceTree = "<group>"; };
		02536DB8244A26E7006D3469 /* WeatherInfoCell.swift */ = {isa = PBXFileReference; lastKnownFileType = sourcecode.swift; path = WeatherInfoCell.swift; sourceTree = "<group>"; };
		025E1D89244A078700DAEC9D /* WeatherApps.app */ = {isa = PBXFileReference; explicitFileType = wrapper.application; includeInIndex = 0; path = WeatherApps.app; sourceTree = BUILT_PRODUCTS_DIR; };
		025E1D8C244A078700DAEC9D /* AppDelegate.swift */ = {isa = PBXFileReference; lastKnownFileType = sourcecode.swift; path = AppDelegate.swift; sourceTree = "<group>"; };
		025E1D8E244A078700DAEC9D /* SceneDelegate.swift */ = {isa = PBXFileReference; lastKnownFileType = sourcecode.swift; path = SceneDelegate.swift; sourceTree = "<group>"; };
		025E1D90244A078700DAEC9D /* ViewController.swift */ = {isa = PBXFileReference; lastKnownFileType = sourcecode.swift; path = ViewController.swift; sourceTree = "<group>"; };
		025E1D93244A078700DAEC9D /* Base */ = {isa = PBXFileReference; lastKnownFileType = file.storyboard; name = Base; path = Base.lproj/Main.storyboard; sourceTree = "<group>"; };
		025E1D96244A078700DAEC9D /* WeatherApps.xcdatamodel */ = {isa = PBXFileReference; lastKnownFileType = wrapper.xcdatamodel; path = WeatherApps.xcdatamodel; sourceTree = "<group>"; };
		025E1D98244A078C00DAEC9D /* Assets.xcassets */ = {isa = PBXFileReference; lastKnownFileType = folder.assetcatalog; path = Assets.xcassets; sourceTree = "<group>"; };
		025E1D9B244A078C00DAEC9D /* Base */ = {isa = PBXFileReference; lastKnownFileType = file.storyboard; name = Base; path = Base.lproj/LaunchScreen.storyboard; sourceTree = "<group>"; };
		025E1D9D244A078C00DAEC9D /* Info.plist */ = {isa = PBXFileReference; lastKnownFileType = text.plist.xml; path = Info.plist; sourceTree = "<group>"; };
		028746CE244A18DB000A51A8 /* AppConstant.swift */ = {isa = PBXFileReference; lastKnownFileType = sourcecode.swift; path = AppConstant.swift; sourceTree = "<group>"; };
		028746D1244A1923000A51A8 /* Webservice.swift */ = {isa = PBXFileReference; lastKnownFileType = sourcecode.swift; path = Webservice.swift; sourceTree = "<group>"; };
		028746D4244A1A85000A51A8 /* WeatherData.swift */ = {isa = PBXFileReference; lastKnownFileType = sourcecode.swift; path = WeatherData.swift; sourceTree = "<group>"; };
		02F3F796244AF38E0015F86B /* NewCityVC.swift */ = {isa = PBXFileReference; lastKnownFileType = sourcecode.swift; path = NewCityVC.swift; sourceTree = "<group>"; };
		02FADA16244AC3C400A711A3 /* WeatherViewModel.swift */ = {isa = PBXFileReference; lastKnownFileType = sourcecode.swift; path = WeatherViewModel.swift; sourceTree = "<group>"; };
		18A26D6D396E5F587C04059F /* Pods-WeatherApps.release.xcconfig */ = {isa = PBXFileReference; includeInIndex = 1; lastKnownFileType = text.xcconfig; name = "Pods-WeatherApps.release.xcconfig"; path = "Target Support Files/Pods-WeatherApps/Pods-WeatherApps.release.xcconfig"; sourceTree = "<group>"; };
		98F4E5BCC65AA71F588F74C9 /* Pods-WeatherApps.debug.xcconfig */ = {isa = PBXFileReference; includeInIndex = 1; lastKnownFileType = text.xcconfig; name = "Pods-WeatherApps.debug.xcconfig"; path = "Target Support Files/Pods-WeatherApps/Pods-WeatherApps.debug.xcconfig"; sourceTree = "<group>"; };
		B04E9DBB5A242D7E7EC6A146 /* Pods_WeatherApps.framework */ = {isa = PBXFileReference; explicitFileType = wrapper.framework; includeInIndex = 0; path = Pods_WeatherApps.framework; sourceTree = BUILT_PRODUCTS_DIR; };
/* End PBXFileReference section */

/* Begin PBXFrameworksBuildPhase section */
		022502EA244C74FC00EF7AA9 /* Frameworks */ = {
			isa = PBXFrameworksBuildPhase;
			buildActionMask = 2147483647;
			files = (
			);
			runOnlyForDeploymentPostprocessing = 0;
		};
		022502F8244C750C00EF7AA9 /* Frameworks */ = {
			isa = PBXFrameworksBuildPhase;
			buildActionMask = 2147483647;
			files = (
			);
			runOnlyForDeploymentPostprocessing = 0;
		};
		025E1D86244A078700DAEC9D /* Frameworks */ = {
			isa = PBXFrameworksBuildPhase;
			buildActionMask = 2147483647;
			files = (
				28971FF69C2A1970552DA859 /* Pods_WeatherApps.framework in Frameworks */,
			);
			runOnlyForDeploymentPostprocessing = 0;
		};
/* End PBXFrameworksBuildPhase section */

/* Begin PBXGroup section */
		022502E8244C6DE900EF7AA9 /* Common */ = {
			isa = PBXGroup;
			children = (
				022502E6244C6DDE00EF7AA9 /* Validator.swift */,
				02536DAF244A1F0B006D3469 /* Helper.swift */,
				028746CE244A18DB000A51A8 /* AppConstant.swift */,
			);
			path = Common;
			sourceTree = "<group>";
		};
		022502EE244C74FC00EF7AA9 /* WeatherAppsUITests */ = {
			isa = PBXGroup;
			children = (
				022502EF244C74FC00EF7AA9 /* WeatherAppsUITests.swift */,
				022502F1244C74FC00EF7AA9 /* Info.plist */,
			);
			path = WeatherAppsUITests;
			sourceTree = "<group>";
		};
		022502FC244C750C00EF7AA9 /* WeatherAppsTests */ = {
			isa = PBXGroup;
			children = (
				022502FD244C750C00EF7AA9 /* WeatherAppsTests.swift */,
				022502FF244C750C00EF7AA9 /* Info.plist */,
			);
			path = WeatherAppsTests;
			sourceTree = "<group>";
		};
		02536DB1244A2566006D3469 /* ViewModel */ = {
			isa = PBXGroup;
			children = (
				02FADA16244AC3C400A711A3 /* WeatherViewModel.swift */,
			);
			path = ViewModel;
			sourceTree = "<group>";
		};
		02536DBA244A2742006D3469 /* View */ = {
			isa = PBXGroup;
			children = (
				025E1D90244A078700DAEC9D /* ViewController.swift */,
				02250307244CB6EA00EF7AA9 /* ViewController+TableViewExtension.swift */,
				02536DB8244A26E7006D3469 /* WeatherInfoCell.swift */,
				02F3F796244AF38E0015F86B /* NewCityVC.swift */,
				025E1D92244A078700DAEC9D /* Main.storyboard */,
			);
			path = View;
			sourceTree = "<group>";
		};
		025E1D80244A078600DAEC9D = {
			isa = PBXGroup;
			children = (
				025E1D8B244A078700DAEC9D /* WeatherApps */,
				022502EE244C74FC00EF7AA9 /* WeatherAppsUITests */,
				022502FC244C750C00EF7AA9 /* WeatherAppsTests */,
				025E1D8A244A078700DAEC9D /* Products */,
				DAA251A2F1F3C6C6F4E5C944 /* Pods */,
				3C21D2877CA15E6434410965 /* Frameworks */,
			);
			sourceTree = "<group>";
		};
		025E1D8A244A078700DAEC9D /* Products */ = {
			isa = PBXGroup;
			children = (
				025E1D89244A078700DAEC9D /* WeatherApps.app */,
				022502ED244C74FC00EF7AA9 /* WeatherAppsUITests.xctest */,
				022502FB244C750C00EF7AA9 /* WeatherAppsTests.xctest */,
			);
			name = Products;
			sourceTree = "<group>";
		};
		025E1D8B244A078700DAEC9D /* WeatherApps */ = {
			isa = PBXGroup;
			children = (
				025E1D8C244A078700DAEC9D /* AppDelegate.swift */,
				025E1D8E244A078700DAEC9D /* SceneDelegate.swift */,
				022502E8244C6DE900EF7AA9 /* Common */,
				028746D0244A18F5000A51A8 /* Webservice */,
				028746D3244A19D2000A51A8 /* Model */,
				02536DBA244A2742006D3469 /* View */,
				02536DB1244A2566006D3469 /* ViewModel */,
				025E1D98244A078C00DAEC9D /* Assets.xcassets */,
				025E1D9A244A078C00DAEC9D /* LaunchScreen.storyboard */,
				025E1D9D244A078C00DAEC9D /* Info.plist */,
			);
			path = WeatherApps;
			sourceTree = "<group>";
		};
		028746D0244A18F5000A51A8 /* Webservice */ = {
			isa = PBXGroup;
			children = (
				028746D1244A1923000A51A8 /* Webservice.swift */,
			);
			path = Webservice;
			sourceTree = "<group>";
		};
		028746D3244A19D2000A51A8 /* Model */ = {
			isa = PBXGroup;
			children = (
				028746D4244A1A85000A51A8 /* WeatherData.swift */,
				025E1D95244A078700DAEC9D /* WeatherApps.xcdatamodeld */,
			);
			path = Model;
			sourceTree = "<group>";
		};
		3C21D2877CA15E6434410965 /* Frameworks */ = {
			isa = PBXGroup;
			children = (
				B04E9DBB5A242D7E7EC6A146 /* Pods_WeatherApps.framework */,
			);
			name = Frameworks;
			sourceTree = "<group>";
		};
		DAA251A2F1F3C6C6F4E5C944 /* Pods */ = {
			isa = PBXGroup;
			children = (
				98F4E5BCC65AA71F588F74C9 /* Pods-WeatherApps.debug.xcconfig */,
				18A26D6D396E5F587C04059F /* Pods-WeatherApps.release.xcconfig */,
			);
			path = Pods;
			sourceTree = "<group>";
		};
/* End PBXGroup section */

/* Begin PBXNativeTarget section */
		022502EC244C74FC00EF7AA9 /* WeatherAppsUITests */ = {
			isa = PBXNativeTarget;
			buildConfigurationList = 022502F4244C74FC00EF7AA9 /* Build configuration list for PBXNativeTarget "WeatherAppsUITests" */;
			buildPhases = (
				022502E9244C74FC00EF7AA9 /* Sources */,
				022502EA244C74FC00EF7AA9 /* Frameworks */,
				022502EB244C74FC00EF7AA9 /* Resources */,
			);
			buildRules = (
			);
			dependencies = (
				022502F3244C74FC00EF7AA9 /* PBXTargetDependency */,
			);
			name = WeatherAppsUITests;
			productName = WeatherAppsUITests;
			productReference = 022502ED244C74FC00EF7AA9 /* WeatherAppsUITests.xctest */;
			productType = "com.apple.product-type.bundle.ui-testing";
		};
		022502FA244C750C00EF7AA9 /* WeatherAppsTests */ = {
			isa = PBXNativeTarget;
			buildConfigurationList = 02250302244C750C00EF7AA9 /* Build configuration list for PBXNativeTarget "WeatherAppsTests" */;
			buildPhases = (
				022502F7244C750C00EF7AA9 /* Sources */,
				022502F8244C750C00EF7AA9 /* Frameworks */,
				022502F9244C750C00EF7AA9 /* Resources */,
			);
			buildRules = (
			);
			dependencies = (
				02250301244C750C00EF7AA9 /* PBXTargetDependency */,
			);
			name = WeatherAppsTests;
			productName = WeatherAppsTests;
			productReference = 022502FB244C750C00EF7AA9 /* WeatherAppsTests.xctest */;
			productType = "com.apple.product-type.bundle.unit-test";
		};
		025E1D88244A078700DAEC9D /* WeatherApps */ = {
			isa = PBXNativeTarget;
			buildConfigurationList = 025E1DA0244A078C00DAEC9D /* Build configuration list for PBXNativeTarget "WeatherApps" */;
			buildPhases = (
				A41FAC8FEDF1D97289EF1E4A /* [CP] Check Pods Manifest.lock */,
				025E1D85244A078700DAEC9D /* Sources */,
				025E1D86244A078700DAEC9D /* Frameworks */,
				025E1D87244A078700DAEC9D /* Resources */,
				D62FF6CF04A60B4975DE59FD /* [CP] Embed Pods Frameworks */,
			);
			buildRules = (
			);
			dependencies = (
			);
			name = WeatherApps;
			productName = WeatherApps;
			productReference = 025E1D89244A078700DAEC9D /* WeatherApps.app */;
			productType = "com.apple.product-type.application";
		};
/* End PBXNativeTarget section */

/* Begin PBXProject section */
		025E1D81244A078600DAEC9D /* Project object */ = {
			isa = PBXProject;
			attributes = {
				LastSwiftUpdateCheck = 1130;
				LastUpgradeCheck = 1130;
				ORGANIZATIONNAME = Sandesh;
				TargetAttributes = {
					022502EC244C74FC00EF7AA9 = {
						CreatedOnToolsVersion = 11.3;
						TestTargetID = 025E1D88244A078700DAEC9D;
					};
					022502FA244C750C00EF7AA9 = {
						CreatedOnToolsVersion = 11.3;
						TestTargetID = 025E1D88244A078700DAEC9D;
					};
					025E1D88244A078700DAEC9D = {
						CreatedOnToolsVersion = 11.3;
					};
				};
			};
			buildConfigurationList = 025E1D84244A078600DAEC9D /* Build configuration list for PBXProject "WeatherApps" */;
			compatibilityVersion = "Xcode 9.3";
			developmentRegion = en;
			hasScannedForEncodings = 0;
			knownRegions = (
				en,
				Base,
			);
			mainGroup = 025E1D80244A078600DAEC9D;
			productRefGroup = 025E1D8A244A078700DAEC9D /* Products */;
			projectDirPath = "";
			projectRoot = "";
			targets = (
				025E1D88244A078700DAEC9D /* WeatherApps */,
				022502EC244C74FC00EF7AA9 /* WeatherAppsUITests */,
				022502FA244C750C00EF7AA9 /* WeatherAppsTests */,
			);
		};
/* End PBXProject section */

/* Begin PBXResourcesBuildPhase section */
		022502EB244C74FC00EF7AA9 /* Resources */ = {
			isa = PBXResourcesBuildPhase;
			buildActionMask = 2147483647;
			files = (
			);
			runOnlyForDeploymentPostprocessing = 0;
		};
		022502F9244C750C00EF7AA9 /* Resources */ = {
			isa = PBXResourcesBuildPhase;
			buildActionMask = 2147483647;
			files = (
			);
			runOnlyForDeploymentPostprocessing = 0;
		};
		025E1D87244A078700DAEC9D /* Resources */ = {
			isa = PBXResourcesBuildPhase;
			buildActionMask = 2147483647;
			files = (
				025E1D9C244A078C00DAEC9D /* LaunchScreen.storyboard in Resources */,
				025E1D99244A078C00DAEC9D /* Assets.xcassets in Resources */,
				025E1D94244A078700DAEC9D /* Main.storyboard in Resources */,
			);
			runOnlyForDeploymentPostprocessing = 0;
		};
/* End PBXResourcesBuildPhase section */

/* Begin PBXShellScriptBuildPhase section */
		A41FAC8FEDF1D97289EF1E4A /* [CP] Check Pods Manifest.lock */ = {
			isa = PBXShellScriptBuildPhase;
			buildActionMask = 2147483647;
			files = (
			);
			inputFileListPaths = (
			);
			inputPaths = (
				"${PODS_PODFILE_DIR_PATH}/Podfile.lock",
				"${PODS_ROOT}/Manifest.lock",
			);
			name = "[CP] Check Pods Manifest.lock";
			outputFileListPaths = (
			);
			outputPaths = (
				"$(DERIVED_FILE_DIR)/Pods-WeatherApps-checkManifestLockResult.txt",
			);
			runOnlyForDeploymentPostprocessing = 0;
			shellPath = /bin/sh;
			shellScript = "diff \"${PODS_PODFILE_DIR_PATH}/Podfile.lock\" \"${PODS_ROOT}/Manifest.lock\" > /dev/null\nif [ $? != 0 ] ; then\n    # print error to STDERR\n    echo \"error: The sandbox is not in sync with the Podfile.lock. Run 'pod install' or update your CocoaPods installation.\" >&2\n    exit 1\nfi\n# This output is used by Xcode 'outputs' to avoid re-running this script phase.\necho \"SUCCESS\" > \"${SCRIPT_OUTPUT_FILE_0}\"\n";
			showEnvVarsInLog = 0;
		};
		D62FF6CF04A60B4975DE59FD /* [CP] Embed Pods Frameworks */ = {
			isa = PBXShellScriptBuildPhase;
			buildActionMask = 2147483647;
			files = (
			);
			inputFileListPaths = (
				"${PODS_ROOT}/Target Support Files/Pods-WeatherApps/Pods-WeatherApps-frameworks-${CONFIGURATION}-input-files.xcfilelist",
			);
			name = "[CP] Embed Pods Frameworks";
			outputFileListPaths = (
				"${PODS_ROOT}/Target Support Files/Pods-WeatherApps/Pods-WeatherApps-frameworks-${CONFIGURATION}-output-files.xcfilelist",
			);
			runOnlyForDeploymentPostprocessing = 0;
			shellPath = /bin/sh;
			shellScript = "\"${PODS_ROOT}/Target Support Files/Pods-WeatherApps/Pods-WeatherApps-frameworks.sh\"\n";
			showEnvVarsInLog = 0;
		};
/* End PBXShellScriptBuildPhase section */

/* Begin PBXSourcesBuildPhase section */
		022502E9244C74FC00EF7AA9 /* Sources */ = {
			isa = PBXSourcesBuildPhase;
			buildActionMask = 2147483647;
			files = (
				022502F0244C74FC00EF7AA9 /* WeatherAppsUITests.swift in Sources */,
			);
			runOnlyForDeploymentPostprocessing = 0;
		};
		022502F7244C750C00EF7AA9 /* Sources */ = {
			isa = PBXSourcesBuildPhase;
			buildActionMask = 2147483647;
			files = (
				022502FE244C750C00EF7AA9 /* WeatherAppsTests.swift in Sources */,
			);
			runOnlyForDeploymentPostprocessing = 0;
		};
		025E1D85244A078700DAEC9D /* Sources */ = {
			isa = PBXSourcesBuildPhase;
			buildActionMask = 2147483647;
			files = (
				025E1D97244A078700DAEC9D /* WeatherApps.xcdatamodeld in Sources */,
				028746CF244A18DB000A51A8 /* AppConstant.swift in Sources */,
				02250308244CB6EB00EF7AA9 /* ViewController+TableViewExtension.swift in Sources */,
				02536DB9244A26E7006D3469 /* WeatherInfoCell.swift in Sources */,
				02F3F797244AF38E0015F86B /* NewCityVC.swift in Sources */,
				022502E7244C6DDE00EF7AA9 /* Validator.swift in Sources */,
				028746D5244A1A85000A51A8 /* WeatherData.swift in Sources */,
				028746D2244A1923000A51A8 /* Webservice.swift in Sources */,
				02FADA17244AC3C400A711A3 /* WeatherViewModel.swift in Sources */,
				025E1D91244A078700DAEC9D /* ViewController.swift in Sources */,
				025E1D8D244A078700DAEC9D /* AppDelegate.swift in Sources */,
				025E1D8F244A078700DAEC9D /* SceneDelegate.swift in Sources */,
				02536DB0244A1F0B006D3469 /* Helper.swift in Sources */,
			);
			runOnlyForDeploymentPostprocessing = 0;
		};
/* End PBXSourcesBuildPhase section */

/* Begin PBXTargetDependency section */
		022502F3244C74FC00EF7AA9 /* PBXTargetDependency */ = {
			isa = PBXTargetDependency;
			target = 025E1D88244A078700DAEC9D /* WeatherApps */;
			targetProxy = 022502F2244C74FC00EF7AA9 /* PBXContainerItemProxy */;
		};
		02250301244C750C00EF7AA9 /* PBXTargetDependency */ = {
			isa = PBXTargetDependency;
			target = 025E1D88244A078700DAEC9D /* WeatherApps */;
			targetProxy = 02250300244C750C00EF7AA9 /* PBXContainerItemProxy */;
		};
/* End PBXTargetDependency section */

/* Begin PBXVariantGroup section */
		025E1D92244A078700DAEC9D /* Main.storyboard */ = {
			isa = PBXVariantGroup;
			children = (
				025E1D93244A078700DAEC9D /* Base */,
			);
			name = Main.storyboard;
			sourceTree = "<group>";
		};
		025E1D9A244A078C00DAEC9D /* LaunchScreen.storyboard */ = {
			isa = PBXVariantGroup;
			children = (
				025E1D9B244A078C00DAEC9D /* Base */,
			);
			name = LaunchScreen.storyboard;
			sourceTree = "<group>";
		};
/* End PBXVariantGroup section */

/* Begin XCBuildConfiguration section */
		022502F5244C74FC00EF7AA9 /* Debug */ = {
			isa = XCBuildConfiguration;
			buildSettings = {
				CODE_SIGN_STYLE = Automatic;
				DEVELOPMENT_TEAM = 69VU96BCPE;
				INFOPLIST_FILE = WeatherAppsUITests/Info.plist;
				LD_RUNPATH_SEARCH_PATHS = (
					"$(inherited)",
					"@executable_path/Frameworks",
					"@loader_path/Frameworks",
				);
				PRODUCT_BUNDLE_IDENTIFIER = Sandesh.WeatherAppsUITests;
				PRODUCT_NAME = "$(TARGET_NAME)";
				SWIFT_VERSION = 5.0;
				TARGETED_DEVICE_FAMILY = "1,2";
				TEST_TARGET_NAME = WeatherApps;
			};
			name = Debug;
		};
		022502F6244C74FC00EF7AA9 /* Release */ = {
			isa = XCBuildConfiguration;
			buildSettings = {
				CODE_SIGN_STYLE = Automatic;
				DEVELOPMENT_TEAM = 69VU96BCPE;
				INFOPLIST_FILE = WeatherAppsUITests/Info.plist;
				LD_RUNPATH_SEARCH_PATHS = (
					"$(inherited)",
					"@executable_path/Frameworks",
					"@loader_path/Frameworks",
				);
				PRODUCT_BUNDLE_IDENTIFIER = Sandesh.WeatherAppsUITests;
				PRODUCT_NAME = "$(TARGET_NAME)";
				SWIFT_VERSION = 5.0;
				TARGETED_DEVICE_FAMILY = "1,2";
				TEST_TARGET_NAME = WeatherApps;
			};
			name = Release;
		};
		02250303244C750C00EF7AA9 /* Debug */ = {
			isa = XCBuildConfiguration;
			buildSettings = {
				BUNDLE_LOADER = "$(TEST_HOST)";
				CODE_SIGN_STYLE = Automatic;
				DEVELOPMENT_TEAM = 69VU96BCPE;
				INFOPLIST_FILE = WeatherAppsTests/Info.plist;
				LD_RUNPATH_SEARCH_PATHS = (
					"$(inherited)",
					"@executable_path/Frameworks",
					"@loader_path/Frameworks",
				);
				PRODUCT_BUNDLE_IDENTIFIER = Sandesh.WeatherAppsTests;
				PRODUCT_NAME = "$(TARGET_NAME)";
				SWIFT_VERSION = 5.0;
				TARGETED_DEVICE_FAMILY = "1,2";
				TEST_HOST = "$(BUILT_PRODUCTS_DIR)/WeatherApps.app/WeatherApps";
			};
			name = Debug;
		};
		02250304244C750C00EF7AA9 /* Release */ = {
			isa = XCBuildConfiguration;
			buildSettings = {
				BUNDLE_LOADER = "$(TEST_HOST)";
				CODE_SIGN_STYLE = Automatic;
				DEVELOPMENT_TEAM = 69VU96BCPE;
				INFOPLIST_FILE = WeatherAppsTests/Info.plist;
				LD_RUNPATH_SEARCH_PATHS = (
					"$(inherited)",
					"@executable_path/Frameworks",
					"@loader_path/Frameworks",
				);
				PRODUCT_BUNDLE_IDENTIFIER = Sandesh.WeatherAppsTests;
				PRODUCT_NAME = "$(TARGET_NAME)";
				SWIFT_VERSION = 5.0;
				TARGETED_DEVICE_FAMILY = "1,2";
				TEST_HOST = "$(BUILT_PRODUCTS_DIR)/WeatherApps.app/WeatherApps";
			};
			name = Release;
		};
		025E1D9E244A078C00DAEC9D /* Debug */ = {
			isa = XCBuildConfiguration;
			buildSettings = {
				ALWAYS_SEARCH_USER_PATHS = NO;
				CLANG_ANALYZER_NONNULL = YES;
				CLANG_ANALYZER_NUMBER_OBJECT_CONVERSION = YES_AGGRESSIVE;
				CLANG_CXX_LANGUAGE_STANDARD = "gnu++14";
				CLANG_CXX_LIBRARY = "libc++";
				CLANG_ENABLE_MODULES = YES;
				CLANG_ENABLE_OBJC_ARC = YES;
				CLANG_ENABLE_OBJC_WEAK = YES;
				CLANG_WARN_BLOCK_CAPTURE_AUTORELEASING = YES;
				CLANG_WARN_BOOL_CONVERSION = YES;
				CLANG_WARN_COMMA = YES;
				CLANG_WARN_CONSTANT_CONVERSION = YES;
				CLANG_WARN_DEPRECATED_OBJC_IMPLEMENTATIONS = YES;
				CLANG_WARN_DIRECT_OBJC_ISA_USAGE = YES_ERROR;
				CLANG_WARN_DOCUMENTATION_COMMENTS = YES;
				CLANG_WARN_EMPTY_BODY = YES;
				CLANG_WARN_ENUM_CONVERSION = YES;
				CLANG_WARN_INFINITE_RECURSION = YES;
				CLANG_WARN_INT_CONVERSION = YES;
				CLANG_WARN_NON_LITERAL_NULL_CONVERSION = YES;
				CLANG_WARN_OBJC_IMPLICIT_RETAIN_SELF = YES;
				CLANG_WARN_OBJC_LITERAL_CONVERSION = YES;
				CLANG_WARN_OBJC_ROOT_CLASS = YES_ERROR;
				CLANG_WARN_RANGE_LOOP_ANALYSIS = YES;
				CLANG_WARN_STRICT_PROTOTYPES = YES;
				CLANG_WARN_SUSPICIOUS_MOVE = YES;
				CLANG_WARN_UNGUARDED_AVAILABILITY = YES_AGGRESSIVE;
				CLANG_WARN_UNREACHABLE_CODE = YES;
				CLANG_WARN__DUPLICATE_METHOD_MATCH = YES;
				COPY_PHASE_STRIP = NO;
				DEBUG_INFORMATION_FORMAT = dwarf;
				ENABLE_STRICT_OBJC_MSGSEND = YES;
				ENABLE_TESTABILITY = YES;
				GCC_C_LANGUAGE_STANDARD = gnu11;
				GCC_DYNAMIC_NO_PIC = NO;
				GCC_NO_COMMON_BLOCKS = YES;
				GCC_OPTIMIZATION_LEVEL = 0;
				GCC_PREPROCESSOR_DEFINITIONS = (
					"DEBUG=1",
					"$(inherited)",
				);
				GCC_WARN_64_TO_32_BIT_CONVERSION = YES;
				GCC_WARN_ABOUT_RETURN_TYPE = YES_ERROR;
				GCC_WARN_UNDECLARED_SELECTOR = YES;
				GCC_WARN_UNINITIALIZED_AUTOS = YES_AGGRESSIVE;
				GCC_WARN_UNUSED_FUNCTION = YES;
				GCC_WARN_UNUSED_VARIABLE = YES;
				IPHONEOS_DEPLOYMENT_TARGET = 13.0;
				MTL_ENABLE_DEBUG_INFO = INCLUDE_SOURCE;
				MTL_FAST_MATH = YES;
				ONLY_ACTIVE_ARCH = YES;
				SDKROOT = iphoneos;
				SWIFT_ACTIVE_COMPILATION_CONDITIONS = DEBUG;
				SWIFT_OPTIMIZATION_LEVEL = "-Onone";
			};
			name = Debug;
		};
		025E1D9F244A078C00DAEC9D /* Release */ = {
			isa = XCBuildConfiguration;
			buildSettings = {
				ALWAYS_SEARCH_USER_PATHS = NO;
				CLANG_ANALYZER_NONNULL = YES;
				CLANG_ANALYZER_NUMBER_OBJECT_CONVERSION = YES_AGGRESSIVE;
				CLANG_CXX_LANGUAGE_STANDARD = "gnu++14";
				CLANG_CXX_LIBRARY = "libc++";
				CLANG_ENABLE_MODULES = YES;
				CLANG_ENABLE_OBJC_ARC = YES;
				CLANG_ENABLE_OBJC_WEAK = YES;
				CLANG_WARN_BLOCK_CAPTURE_AUTORELEASING = YES;
				CLANG_WARN_BOOL_CONVERSION = YES;
				CLANG_WARN_COMMA = YES;
				CLANG_WARN_CONSTANT_CONVERSION = YES;
				CLANG_WARN_DEPRECATED_OBJC_IMPLEMENTATIONS = YES;
				CLANG_WARN_DIRECT_OBJC_ISA_USAGE = YES_ERROR;
				CLANG_WARN_DOCUMENTATION_COMMENTS = YES;
				CLANG_WARN_EMPTY_BODY = YES;
				CLANG_WARN_ENUM_CONVERSION = YES;
				CLANG_WARN_INFINITE_RECURSION = YES;
				CLANG_WARN_INT_CONVERSION = YES;
				CLANG_WARN_NON_LITERAL_NULL_CONVERSION = YES;
				CLANG_WARN_OBJC_IMPLICIT_RETAIN_SELF = YES;
				CLANG_WARN_OBJC_LITERAL_CONVERSION = YES;
				CLANG_WARN_OBJC_ROOT_CLASS = YES_ERROR;
				CLANG_WARN_RANGE_LOOP_ANALYSIS = YES;
				CLANG_WARN_STRICT_PROTOTYPES = YES;
				CLANG_WARN_SUSPICIOUS_MOVE = YES;
				CLANG_WARN_UNGUARDED_AVAILABILITY = YES_AGGRESSIVE;
				CLANG_WARN_UNREACHABLE_CODE = YES;
				CLANG_WARN__DUPLICATE_METHOD_MATCH = YES;
				COPY_PHASE_STRIP = NO;
				DEBUG_INFORMATION_FORMAT = "dwarf-with-dsym";
				ENABLE_NS_ASSERTIONS = NO;
				ENABLE_STRICT_OBJC_MSGSEND = YES;
				GCC_C_LANGUAGE_STANDARD = gnu11;
				GCC_NO_COMMON_BLOCKS = YES;
				GCC_WARN_64_TO_32_BIT_CONVERSION = YES;
				GCC_WARN_ABOUT_RETURN_TYPE = YES_ERROR;
				GCC_WARN_UNDECLARED_SELECTOR = YES;
				GCC_WARN_UNINITIALIZED_AUTOS = YES_AGGRESSIVE;
				GCC_WARN_UNUSED_FUNCTION = YES;
				GCC_WARN_UNUSED_VARIABLE = YES;
				IPHONEOS_DEPLOYMENT_TARGET = 13.0;
				MTL_ENABLE_DEBUG_INFO = NO;
				MTL_FAST_MATH = YES;
				SDKROOT = iphoneos;
				SWIFT_COMPILATION_MODE = wholemodule;
				SWIFT_OPTIMIZATION_LEVEL = "-O";
				VALIDATE_PRODUCT = YES;
			};
			name = Release;
		};
		025E1DA1244A078C00DAEC9D /* Debug */ = {
			isa = XCBuildConfiguration;
			baseConfigurationReference = 98F4E5BCC65AA71F588F74C9 /* Pods-WeatherApps.debug.xcconfig */;
			buildSettings = {
				ASSETCATALOG_COMPILER_APPICON_NAME = AppIcon;
				CODE_SIGN_STYLE = Automatic;
				DEVELOPMENT_TEAM = 69VU96BCPE;
				INFOPLIST_FILE = WeatherApps/Info.plist;
				LD_RUNPATH_SEARCH_PATHS = (
					"$(inherited)",
					"@executable_path/Frameworks",
				);
				PRODUCT_BUNDLE_IDENTIFIER = Sandesh.WeatherApps;
				PRODUCT_NAME = "$(TARGET_NAME)";
				SWIFT_VERSION = 5.0;
				TARGETED_DEVICE_FAMILY = "1,2";
			};
			name = Debug;
		};
		025E1DA2244A078C00DAEC9D /* Release */ = {
			isa = XCBuildConfiguration;
			baseConfigurationReference = 18A26D6D396E5F587C04059F /* Pods-WeatherApps.release.xcconfig */;
			buildSettings = {
				ASSETCATALOG_COMPILER_APPICON_NAME = AppIcon;
				CODE_SIGN_STYLE = Automatic;
				DEVELOPMENT_TEAM = 69VU96BCPE;
				INFOPLIST_FILE = WeatherApps/Info.plist;
				LD_RUNPATH_SEARCH_PATHS = (
					"$(inherited)",
					"@executable_path/Frameworks",
				);
				PRODUCT_BUNDLE_IDENTIFIER = Sandesh.WeatherApps;
				PRODUCT_NAME = "$(TARGET_NAME)";
				SWIFT_VERSION = 5.0;
				TARGETED_DEVICE_FAMILY = "1,2";
			};
			name = Release;
		};
/* End XCBuildConfiguration section */

/* Begin XCConfigurationList section */
		022502F4244C74FC00EF7AA9 /* Build configuration list for PBXNativeTarget "WeatherAppsUITests" */ = {
			isa = XCConfigurationList;
			buildConfigurations = (
				022502F5244C74FC00EF7AA9 /* Debug */,
				022502F6244C74FC00EF7AA9 /* Release */,
			);
			defaultConfigurationIsVisible = 0;
			defaultConfigurationName = Release;
		};
		02250302244C750C00EF7AA9 /* Build configuration list for PBXNativeTarget "WeatherAppsTests" */ = {
			isa = XCConfigurationList;
			buildConfigurations = (
				02250303244C750C00EF7AA9 /* Debug */,
				02250304244C750C00EF7AA9 /* Release */,
			);
			defaultConfigurationIsVisible = 0;
			defaultConfigurationName = Release;
		};
		025E1D84244A078600DAEC9D /* Build configuration list for PBXProject "WeatherApps" */ = {
			isa = XCConfigurationList;
			buildConfigurations = (
				025E1D9E244A078C00DAEC9D /* Debug */,
				025E1D9F244A078C00DAEC9D /* Release */,
			);
			defaultConfigurationIsVisible = 0;
			defaultConfigurationName = Release;
		};
		025E1DA0244A078C00DAEC9D /* Build configuration list for PBXNativeTarget "WeatherApps" */ = {
			isa = XCConfigurationList;
			buildConfigurations = (
				025E1DA1244A078C00DAEC9D /* Debug */,
				025E1DA2244A078C00DAEC9D /* Release */,
			);
			defaultConfigurationIsVisible = 0;
			defaultConfigurationName = Release;
		};
/* End XCConfigurationList section */

/* Begin XCVersionGroup section */
		025E1D95244A078700DAEC9D /* WeatherApps.xcdatamodeld */ = {
			isa = XCVersionGroup;
			children = (
				025E1D96244A078700DAEC9D /* WeatherApps.xcdatamodel */,
			);
			currentVersion = 025E1D96244A078700DAEC9D /* WeatherApps.xcdatamodel */;
			path = WeatherApps.xcdatamodeld;
			sourceTree = "<group>";
			versionGroupType = wrapper.xcdatamodel;
		};
/* End XCVersionGroup section */
	};
	rootObject = 025E1D81244A078600DAEC9D /* Project object */;
}
